
Microsoft Visual Studio Solution File, Format Version 12.00
# Visual Studio Version 17
VisualStudioVersion = 17.0.31903.59
MinimumVisualStudioVersion = 10.0.40219.1
Project("{2150E333-8FDC-42A3-9474-1A3956D46DE8}") = "Home", "Home", "{EBEFDB8B-24C9-1DAF-DE22-BED4049D1AC8}"
EndProject
Project("{2150E333-8FDC-42A3-9474-1A3956D46DE8}") = "MiniSplit", "MiniSplit", "{C270D75B-2F51-0630-FB79-541B3D283D05}"
EndProject
Project("{2150E333-8FDC-42A3-9474-1A3956D46DE8}") = "Client", "Client", "{6ED567AA-F467-B6CB-2AC9-06072D6C2DF3}"
EndProject
Project("{FAE04EC0-301F-11D3-BF4B-00C04F79EFBC}") = "Fobelity.Home.MiniSplit.Client", "Home\MiniSplit\Client\Fobelity.Home.MiniSplit.Client.csproj", "{8CB69383-2419-4A4F-AB4F-404ED2E7C90E}"
EndProject
Project("{2150E333-8FDC-42A3-9474-1A3956D46DE8}") = "Server", "Server", "{02EA681E-C7D8-13C7-8484-4AC65E1B71E8}"
EndProject
Project("{FAE04EC0-301F-11D3-BF4B-00C04F79EFBC}") = "Fobelity.Home.MiniSplit.Server", "Home\MiniSplit\Server\Fobelity.Home.MiniSplit.Server.csproj", "{68DFB6CE-E19D-C591-FF73-C32E719209BE}"
EndProject
Project("{2150E333-8FDC-42A3-9474-1A3956D46DE8}") = "Shared", "Shared", "{860162CC-E18A-424B-AB40-C160615B901B}"
EndProject
Project("{FAE04EC0-301F-11D3-BF4B-00C04F79EFBC}") = "Fobelity.Home.MiniSplit.Shared", "Home\MiniSplit\Shared\Fobelity.Home.MiniSplit.Shared.csproj", "{C2CAA66C-FA54-524C-F40B-845101FEBBD9}"
EndProject
Project("{2150E333-8FDC-42A3-9474-1A3956D46DE8}") = "Service", "Service", "{874596B1-A07D-4D56-838D-030227999398}"
EndProject
Project("{FAE04EC0-301F-11D3-BF4B-00C04F79EFBC}") = "Fobelity.Home.MiniSplit.Service", "Home\MiniSplit\Service\Fobelity.Home.MiniSplit.Service.csproj", "{568F215C-CA55-2FB2-2FE9-E2B479D2B37D}"
EndProject
Project("{2150E333-8FDC-42A3-9474-1A3956D46DE8}") = "Domain", "Domain", "{361877B4-2B45-42E5-B5B1-1F9A30FB9819}"
EndProject
Project("{FAE04EC0-301F-11D3-BF4B-00C04F79EFBC}") = "Fobelity.Home.MiniSplit.Domain", "Home\MiniSplit\Domain\Fobelity.Home.MiniSplit.Domain.csproj", "{C8FCCF2A-3CCF-3398-BF99-6D86835607C7}"
EndProject
Project("{2150E333-8FDC-42A3-9474-1A3956D46DE8}") = "Rules", "Rules", "{DD10CF70-CD43-4F1F-B957-E3F72FD6E832}"
EndProject
Project("{FAE04EC0-301F-11D3-BF4B-00C04F79EFBC}") = "Fobelity.Home.MiniSplit.Rules", "Home\MiniSplit\Rules\Fobelity.Home.MiniSplit.Rules.csproj", "{FB16243B-F456-B1D7-93BC-752803E3BBA7}"
EndProject
Project("{2150E333-8FDC-42A3-9474-1A3956D46DE8}") = "Backend", "Backend", "{1199A54C-A48C-4D6A-8BDB-D80A93B777A7}"
EndProject
Project("{FAE04EC0-301F-11D3-BF4B-00C04F79EFBC}") = "Fobelity.Home.MiniSplit.Backend", "Home\MiniSplit\Backend\Fobelity.Home.MiniSplit.Backend.csproj", "{CF993282-D5AC-5563-B8FA-A436174B46C0}"
EndProject
Project("{2150E333-8FDC-42A3-9474-1A3956D46DE8}") = "Temperature", "Temperature", "{98BECCA8-9C04-434C-9A13-8CBF69CB4EA1}"
EndProject
Project("{FAE04EC0-301F-11D3-BF4B-00C04F79EFBC}") = "Fobelity.Home.MiniSplit.TempMonitorService", "Home\MiniSplit\Temperature\Fobelity.Home.MiniSplit.TempMonitorService.csproj", "{82397255-3B78-0EAD-6679-2BDCDC0E4DAA}"
EndProject
Project("{2150E333-8FDC-42A3-9474-1A3956D46DE8}") = "McpServer", "McpServer", "{DE16A76B-F3C2-4DA4-997F-40B8C9A50641}"
EndProject
Project("{2150E333-8FDC-42A3-9474-1A3956D46DE8}") = "McpTools", "McpTools", "{2C11CB09-DDA6-440D-9EB6-46DFCCCB6487}"
EndProject
Project("{2150E333-8FDC-42A3-9474-1A3956D46DE8}") = "Artificial", "Artificial", "{1020EA61-CF67-4D8E-B3E3-5C843ED1CD7B}"
EndProject
Project("{FAE04EC0-301F-11D3-BF4B-00C04F79EFBC}") = "Fobelity.Home.Artificial.McpServer", "Home\Artificial\McpServer\Fobelity.Home.Artificial.McpServer.csproj", "{710D56CB-17CF-DB36-02AE-AA2D9B43C086}"
EndProject
Project("{FAE04EC0-301F-11D3-BF4B-00C04F79EFBC}") = "Fobelity.Home.Artificial.McpTools", "Home\Artificial\McpTools\Fobelity.Home.Artificial.McpTools.csproj", "{25B07085-E5DA-98A5-BBD2-5D715DBC87B9}"
EndProject
Project("{2150E333-8FDC-42A3-9474-1A3956D46DE8}") = "AIClient", "AIClient", "{CBB39AB6-ED46-4576-A235-E6D076DF51EC}"
EndProject
Project("{FAE04EC0-301F-11D3-BF4B-00C04F79EFBC}") = "Fobelity.Home.Artificial.AIClient", "Home\Artificial\AIClient\Fobelity.Home.Artificial.AIClient.csproj", "{AD6B4668-FDD9-2E43-5405-593C6EAE2356}"
EndProject
Project("{2150E333-8FDC-42A3-9474-1A3956D46DE8}") = "McpLocal", "McpLocal", "{9A8A2AAA-E465-4F83-9D96-8BC37483023D}"
EndProject
Project("{FAE04EC0-301F-11D3-BF4B-00C04F79EFBC}") = "Fobelity.Home.Artificial.McpLocal", "Home\Artificial\McpLocal\Fobelity.Home.Artificial.McpLocal.csproj", "{AADF1BF4-CC1A-FB23-4B49-9E030C5831D4}"
EndProject
Project("{2150E333-8FDC-42A3-9474-1A3956D46DE8}") = "Automation", "Automation", "{DE6F2127-F146-7738-15F4-119015D78D9B}"
EndProject
Project("{2150E333-8FDC-42A3-9474-1A3956D46DE8}") = "A2A", "A2A", "{587CCA8D-CA86-D43C-835E-749DA0F2ACFC}"
EndProject
Project("{FAE04EC0-301F-11D3-BF4B-00C04F79EFBC}") = "Fobelity.Home.Automation.A2A.AgentClient", "Home\Automation\A2A\AgentClient\Fobelity.Home.Automation.A2A.AgentClient.csproj", "{2456C26F-C6BA-4E04-B171-AFC6DB723B7A}"
EndProject
Project("{FAE04EC0-301F-11D3-BF4B-00C04F79EFBC}") = "Fobelity.Home.Automation.A2A.AgentServer", "Home\Automation\A2A\AgentServer\Fobelity.Home.Automation.A2A.AgentServer.csproj", "{958DA480-8DDE-4E0B-AAE0-69386F86928E}"
EndProject
Project("{2150E333-8FDC-42A3-9474-1A3956D46DE8}") = "Adapters", "Adapters", "{8775F490-BC54-0CDF-3B53-6D3DB30438CD}"
EndProject
Project("{FAE04EC0-301F-11D3-BF4B-00C04F79EFBC}") = "Fobelity.Home.Automation.Adapters.Seam", "Home\Automation\Adapters\Seam\Fobelity.Home.Automation.Adapters.Seam.csproj", "{C8C22E29-2049-46B5-929F-17C3BD47C5CF}"
EndProject
Project("{FAE04EC0-301F-11D3-BF4B-00C04F79EFBC}") = "Fobelity.Home.Automation.Adapters.Tuya", "Home\Automation\Adapters\Tuya\Fobelity.Home.Automation.Adapters.Tuya.csproj", "{502F9ADE-1E34-4842-A2A1-1A26C7234411}"
EndProject
Project("{2150E333-8FDC-42A3-9474-1A3956D46DE8}") = "CrossCutting", "CrossCutting", "{9B141CAB-9AE6-BEB3-4703-5339C14C5A62}"
EndProject
Project("{FAE04EC0-301F-11D3-BF4B-00C04F79EFBC}") = "Fobelity.Home.Automation.Observability", "Home\Automation\CrossCutting\Observability\Fobelity.Home.Automation.Observability.csproj", "{6958E19C-0CE6-4CD4-A2EF-55F05C76EC11}"
EndProject
Project("{FAE04EC0-301F-11D3-BF4B-00C04F79EFBC}") = "Fobelity.Home.Automation.Security", "Home\Automation\CrossCutting\Security\Fobelity.Home.Automation.Security.csproj", "{9FED5D7C-85B5-4A1B-9FAA-36767EE62429}"
EndProject
Project("{2150E333-8FDC-42A3-9474-1A3956D46DE8}") = "DeviceHub", "DeviceHub", "{CD9FE788-3577-2F41-6317-F2438395519F}"
EndProject
Project("{FAE04EC0-301F-11D3-BF4B-00C04F79EFBC}") = "Fobelity.Home.Automation.DeviceHub.Api", "Home\Automation\DeviceHub\Api\Fobelity.Home.Automation.DeviceHub.Api.csproj", "{2E3156EE-7DD6-4484-A883-FD9590185F80}"
EndProject
Project("{FAE04EC0-301F-11D3-BF4B-00C04F79EFBC}") = "Fobelity.Home.Automation.DeviceHub.Core", "Home\Automation\DeviceHub\Core\Fobelity.Home.Automation.DeviceHub.Core.csproj", "{9F7C8916-CBE1-4E43-AF26-DEBDD96F3D68}"
EndProject
Project("{2150E333-8FDC-42A3-9474-1A3956D46DE8}") = "Edge", "Edge", "{51E469A0-99FB-ED11-5114-85EF9D482AC3}"
EndProject
Project("{FAE04EC0-301F-11D3-BF4B-00C04F79EFBC}") = "Fobelity.Home.Automation.Edge.Pi.Agent", "Home\Automation\Edge\Pi.Agent\Fobelity.Home.Automation.Edge.Pi.Agent.csproj", "{3A577CF2-B6A4-40CB-A77D-18ECC4AC9907}"
EndProject
Project("{2150E333-8FDC-42A3-9474-1A3956D46DE8}") = "Services", "Services", "{FA3B3687-A7A4-6605-DDCB-E657CB37281D}"
EndProject
Project("{FAE04EC0-301F-11D3-BF4B-00C04F79EFBC}") = "Fobelity.Home.Automation.Orchestrator.Service", "Home\Automation\Services\Orchestrator.Service\Fobelity.Home.Automation.Orchestrator.Service.csproj", "{A1A52741-3BC2-4966-8313-498B85A78E76}"
EndProject
Project("{FAE04EC0-301F-11D3-BF4B-00C04F79EFBC}") = "Fobelity.Home.Automation.Presence.Service", "Home\Automation\Services\Presence.Service\Fobelity.Home.Automation.Presence.Service.csproj", "{B3125B32-EA44-403D-B699-6B28AB77AA70}"
EndProject
Project("{FAE04EC0-301F-11D3-BF4B-00C04F79EFBC}") = "Fobelity.Home.Automation.Weather.Client", "Home\Automation\Services\Weather.Client\Fobelity.Home.Automation.Weather.Client.csproj", "{54DD7106-C0C3-43E8-9CD4-93BEC41CE8DE}"
EndProject
Project("{2150E333-8FDC-42A3-9474-1A3956D46DE8}") = "AppHost", "AppHost", "{B13AF466-1E13-43E7-B18E-F2696136FD41}"
EndProject
Project("{2150E333-8FDC-42A3-9474-1A3956D46DE8}") = "ServiceDefaults", "ServiceDefaults", "{5EEF1061-7E56-4AF5-9690-FDE55D0D98E9}"
EndProject
Project("{FAE04EC0-301F-11D3-BF4B-00C04F79EFBC}") = "Fobelity.Home.AppHost", "Home\AppHost\Fobelity.Home.AppHost.csproj", "{4C3E5198-C623-5E34-BF45-08B83384C88E}"
EndProject
Project("{FAE04EC0-301F-11D3-BF4B-00C04F79EFBC}") = "Fobelity.Home.ServiceDefaults", "Home\ServiceDefaults\Fobelity.Home.ServiceDefaults.csproj", "{38A7E221-B899-C46E-BF30-8AB22787DBD7}"
EndProject
Project("{FAE04EC0-301F-11D3-BF4B-00C04F79EFBC}") = "Fobelity.Home.Automation.Edge.Pi.Abstractions", "Home\Automation\Edge\Pi.Abstractions\Fobelity.Home.Automation.Edge.Pi.Abstractions.csproj", "{26D438D2-5558-1410-F512-852D91D3436C}"
EndProject
Project("{FAE04EC0-301F-11D3-BF4B-00C04F79EFBC}") = "Fobelity.Home.Automation.Edge.Pi.Sim", "Home\Automation\Edge\Pi.Sim\Fobelity.Home.Automation.Edge.Pi.Sim.csproj", "{E6556E0A-B6F6-84E7-B152-EBA9CB3D2863}"
EndProject
Project("{2150E333-8FDC-42A3-9474-1A3956D46DE8}") = "Avatar", "Avatar", "{D38929B2-CA62-4E53-8821-D27EA9DB31C6}"
EndProject
Project("{2150E333-8FDC-42A3-9474-1A3956D46DE8}") = "VisemeStreamer", "VisemeStreamer", "{7A521408-E9D0-47EE-99B4-12778FC78579}"
EndProject
Project("{FAE04EC0-301F-11D3-BF4B-00C04F79EFBC}") = "Fobelity.Home.Avatar.VisemeStreamer", "Home\Avatar\VisemeStreamer\Fobelity.Home.Avatar.VisemeStreamer.csproj", "{D990B2BD-D367-463F-3EE9-B2BEE800EF67}"
EndProject
Project("{2150E333-8FDC-42A3-9474-1A3956D46DE8}") = "del-Avalonia", "del-Avalonia", "{CB6BC20B-EAAF-4A7E-9D32-936D06888F90}"
EndProject
Project("{2150E333-8FDC-42A3-9474-1A3956D46DE8}") = "React.Ui", "React.Ui", "{6DF4344A-2361-43DE-9B51-68224F37519E}"
EndProject
Project("{2150E333-8FDC-42A3-9474-1A3956D46DE8}") = "Server", "Server", "{293A36FE-71A4-4B70-A4AA-F08079D7E14A}"
EndProject
Project("{FAE04EC0-301F-11D3-BF4B-00C04F79EFBC}") = "Avatar", "Home\Avatar\Server\Avatar.csproj", "{6D4BE7F5-73BA-90ED-7432-FE0BC39261D8}"
EndProject
Project("{FAE04EC0-301F-11D3-BF4B-00C04F79EFBC}") = "Fobelity.Home.Automation.Lights.Service", "Home\Automation\Services\Lights.Service\Fobelity.Home.Automation.Lights.Service.csproj", "{EFA327D9-A571-3ACC-FA69-E03679CFFD39}"
EndProject
Global
	GlobalSection(SolutionConfigurationPlatforms) = preSolution
		Debug|Any CPU = Debug|Any CPU
		Debug|x64 = Debug|x64
		Debug|x86 = Debug|x86
		Release|Any CPU = Release|Any CPU
		Release|x64 = Release|x64
		Release|x86 = Release|x86
	EndGlobalSection
	GlobalSection(ProjectConfigurationPlatforms) = postSolution
		{8CB69383-2419-4A4F-AB4F-404ED2E7C90E}.Debug|Any CPU.ActiveCfg = Debug|Any CPU
		{8CB69383-2419-4A4F-AB4F-404ED2E7C90E}.Debug|Any CPU.Build.0 = Debug|Any CPU
		{8CB69383-2419-4A4F-AB4F-404ED2E7C90E}.Debug|x64.ActiveCfg = Debug|Any CPU
		{8CB69383-2419-4A4F-AB4F-404ED2E7C90E}.Debug|x64.Build.0 = Debug|Any CPU
		{8CB69383-2419-4A4F-AB4F-404ED2E7C90E}.Debug|x86.ActiveCfg = Debug|Any CPU
		{8CB69383-2419-4A4F-AB4F-404ED2E7C90E}.Debug|x86.Build.0 = Debug|Any CPU
		{8CB69383-2419-4A4F-AB4F-404ED2E7C90E}.Release|Any CPU.ActiveCfg = Release|Any CPU
		{8CB69383-2419-4A4F-AB4F-404ED2E7C90E}.Release|Any CPU.Build.0 = Release|Any CPU
		{8CB69383-2419-4A4F-AB4F-404ED2E7C90E}.Release|x64.ActiveCfg = Release|Any CPU
		{8CB69383-2419-4A4F-AB4F-404ED2E7C90E}.Release|x64.Build.0 = Release|Any CPU
		{8CB69383-2419-4A4F-AB4F-404ED2E7C90E}.Release|x86.ActiveCfg = Release|Any CPU
		{8CB69383-2419-4A4F-AB4F-404ED2E7C90E}.Release|x86.Build.0 = Release|Any CPU
		{68DFB6CE-E19D-C591-FF73-C32E719209BE}.Debug|Any CPU.ActiveCfg = Debug|Any CPU
		{68DFB6CE-E19D-C591-FF73-C32E719209BE}.Debug|Any CPU.Build.0 = Debug|Any CPU
		{68DFB6CE-E19D-C591-FF73-C32E719209BE}.Debug|x64.ActiveCfg = Debug|Any CPU
		{68DFB6CE-E19D-C591-FF73-C32E719209BE}.Debug|x64.Build.0 = Debug|Any CPU
		{68DFB6CE-E19D-C591-FF73-C32E719209BE}.Debug|x86.ActiveCfg = Debug|Any CPU
		{68DFB6CE-E19D-C591-FF73-C32E719209BE}.Debug|x86.Build.0 = Debug|Any CPU
		{68DFB6CE-E19D-C591-FF73-C32E719209BE}.Release|Any CPU.ActiveCfg = Release|Any CPU
		{68DFB6CE-E19D-C591-FF73-C32E719209BE}.Release|Any CPU.Build.0 = Release|Any CPU
		{68DFB6CE-E19D-C591-FF73-C32E719209BE}.Release|x64.ActiveCfg = Release|Any CPU
		{68DFB6CE-E19D-C591-FF73-C32E719209BE}.Release|x64.Build.0 = Release|Any CPU
		{68DFB6CE-E19D-C591-FF73-C32E719209BE}.Release|x86.ActiveCfg = Release|Any CPU
		{68DFB6CE-E19D-C591-FF73-C32E719209BE}.Release|x86.Build.0 = Release|Any CPU
		{C2CAA66C-FA54-524C-F40B-845101FEBBD9}.Debug|Any CPU.ActiveCfg = Debug|Any CPU
		{C2CAA66C-FA54-524C-F40B-845101FEBBD9}.Debug|Any CPU.Build.0 = Debug|Any CPU
		{C2CAA66C-FA54-524C-F40B-845101FEBBD9}.Debug|x64.ActiveCfg = Debug|Any CPU
		{C2CAA66C-FA54-524C-F40B-845101FEBBD9}.Debug|x64.Build.0 = Debug|Any CPU
		{C2CAA66C-FA54-524C-F40B-845101FEBBD9}.Debug|x86.ActiveCfg = Debug|Any CPU
		{C2CAA66C-FA54-524C-F40B-845101FEBBD9}.Debug|x86.Build.0 = Debug|Any CPU
		{C2CAA66C-FA54-524C-F40B-845101FEBBD9}.Release|Any CPU.ActiveCfg = Release|Any CPU
		{C2CAA66C-FA54-524C-F40B-845101FEBBD9}.Release|Any CPU.Build.0 = Release|Any CPU
		{C2CAA66C-FA54-524C-F40B-845101FEBBD9}.Release|x64.ActiveCfg = Release|Any CPU
		{C2CAA66C-FA54-524C-F40B-845101FEBBD9}.Release|x64.Build.0 = Release|Any CPU
		{C2CAA66C-FA54-524C-F40B-845101FEBBD9}.Release|x86.ActiveCfg = Release|Any CPU
		{C2CAA66C-FA54-524C-F40B-845101FEBBD9}.Release|x86.Build.0 = Release|Any CPU
		{568F215C-CA55-2FB2-2FE9-E2B479D2B37D}.Debug|Any CPU.ActiveCfg = Debug|Any CPU
		{568F215C-CA55-2FB2-2FE9-E2B479D2B37D}.Debug|Any CPU.Build.0 = Debug|Any CPU
		{568F215C-CA55-2FB2-2FE9-E2B479D2B37D}.Debug|x64.ActiveCfg = Debug|Any CPU
		{568F215C-CA55-2FB2-2FE9-E2B479D2B37D}.Debug|x64.Build.0 = Debug|Any CPU
		{568F215C-CA55-2FB2-2FE9-E2B479D2B37D}.Debug|x86.ActiveCfg = Debug|Any CPU
		{568F215C-CA55-2FB2-2FE9-E2B479D2B37D}.Debug|x86.Build.0 = Debug|Any CPU
		{568F215C-CA55-2FB2-2FE9-E2B479D2B37D}.Release|Any CPU.ActiveCfg = Release|Any CPU
		{568F215C-CA55-2FB2-2FE9-E2B479D2B37D}.Release|Any CPU.Build.0 = Release|Any CPU
		{568F215C-CA55-2FB2-2FE9-E2B479D2B37D}.Release|x64.ActiveCfg = Release|Any CPU
		{568F215C-CA55-2FB2-2FE9-E2B479D2B37D}.Release|x64.Build.0 = Release|Any CPU
		{568F215C-CA55-2FB2-2FE9-E2B479D2B37D}.Release|x86.ActiveCfg = Release|Any CPU
		{568F215C-CA55-2FB2-2FE9-E2B479D2B37D}.Release|x86.Build.0 = Release|Any CPU
		{C8FCCF2A-3CCF-3398-BF99-6D86835607C7}.Debug|Any CPU.ActiveCfg = Debug|Any CPU
		{C8FCCF2A-3CCF-3398-BF99-6D86835607C7}.Debug|Any CPU.Build.0 = Debug|Any CPU
		{C8FCCF2A-3CCF-3398-BF99-6D86835607C7}.Debug|x64.ActiveCfg = Debug|Any CPU
		{C8FCCF2A-3CCF-3398-BF99-6D86835607C7}.Debug|x64.Build.0 = Debug|Any CPU
		{C8FCCF2A-3CCF-3398-BF99-6D86835607C7}.Debug|x86.ActiveCfg = Debug|Any CPU
		{C8FCCF2A-3CCF-3398-BF99-6D86835607C7}.Debug|x86.Build.0 = Debug|Any CPU
		{C8FCCF2A-3CCF-3398-BF99-6D86835607C7}.Release|Any CPU.ActiveCfg = Release|Any CPU
		{C8FCCF2A-3CCF-3398-BF99-6D86835607C7}.Release|Any CPU.Build.0 = Release|Any CPU
		{C8FCCF2A-3CCF-3398-BF99-6D86835607C7}.Release|x64.ActiveCfg = Release|Any CPU
		{C8FCCF2A-3CCF-3398-BF99-6D86835607C7}.Release|x64.Build.0 = Release|Any CPU
		{C8FCCF2A-3CCF-3398-BF99-6D86835607C7}.Release|x86.ActiveCfg = Release|Any CPU
		{C8FCCF2A-3CCF-3398-BF99-6D86835607C7}.Release|x86.Build.0 = Release|Any CPU
		{FB16243B-F456-B1D7-93BC-752803E3BBA7}.Debug|Any CPU.ActiveCfg = Debug|Any CPU
		{FB16243B-F456-B1D7-93BC-752803E3BBA7}.Debug|Any CPU.Build.0 = Debug|Any CPU
		{FB16243B-F456-B1D7-93BC-752803E3BBA7}.Debug|x64.ActiveCfg = Debug|Any CPU
		{FB16243B-F456-B1D7-93BC-752803E3BBA7}.Debug|x64.Build.0 = Debug|Any CPU
		{FB16243B-F456-B1D7-93BC-752803E3BBA7}.Debug|x86.ActiveCfg = Debug|Any CPU
		{FB16243B-F456-B1D7-93BC-752803E3BBA7}.Debug|x86.Build.0 = Debug|Any CPU
		{FB16243B-F456-B1D7-93BC-752803E3BBA7}.Release|Any CPU.ActiveCfg = Release|Any CPU
		{FB16243B-F456-B1D7-93BC-752803E3BBA7}.Release|Any CPU.Build.0 = Release|Any CPU
		{FB16243B-F456-B1D7-93BC-752803E3BBA7}.Release|x64.ActiveCfg = Release|Any CPU
		{FB16243B-F456-B1D7-93BC-752803E3BBA7}.Release|x64.Build.0 = Release|Any CPU
		{FB16243B-F456-B1D7-93BC-752803E3BBA7}.Release|x86.ActiveCfg = Release|Any CPU
		{FB16243B-F456-B1D7-93BC-752803E3BBA7}.Release|x86.Build.0 = Release|Any CPU
		{CF993282-D5AC-5563-B8FA-A436174B46C0}.Debug|Any CPU.ActiveCfg = Debug|Any CPU
		{CF993282-D5AC-5563-B8FA-A436174B46C0}.Debug|Any CPU.Build.0 = Debug|Any CPU
		{CF993282-D5AC-5563-B8FA-A436174B46C0}.Debug|x64.ActiveCfg = Debug|Any CPU
		{CF993282-D5AC-5563-B8FA-A436174B46C0}.Debug|x64.Build.0 = Debug|Any CPU
		{CF993282-D5AC-5563-B8FA-A436174B46C0}.Debug|x86.ActiveCfg = Debug|Any CPU
		{CF993282-D5AC-5563-B8FA-A436174B46C0}.Debug|x86.Build.0 = Debug|Any CPU
		{CF993282-D5AC-5563-B8FA-A436174B46C0}.Release|Any CPU.ActiveCfg = Release|Any CPU
		{CF993282-D5AC-5563-B8FA-A436174B46C0}.Release|Any CPU.Build.0 = Release|Any CPU
		{CF993282-D5AC-5563-B8FA-A436174B46C0}.Release|x64.ActiveCfg = Release|Any CPU
		{CF993282-D5AC-5563-B8FA-A436174B46C0}.Release|x64.Build.0 = Release|Any CPU
		{CF993282-D5AC-5563-B8FA-A436174B46C0}.Release|x86.ActiveCfg = Release|Any CPU
		{CF993282-D5AC-5563-B8FA-A436174B46C0}.Release|x86.Build.0 = Release|Any CPU
		{82397255-3B78-0EAD-6679-2BDCDC0E4DAA}.Debug|Any CPU.ActiveCfg = Debug|Any CPU
		{82397255-3B78-0EAD-6679-2BDCDC0E4DAA}.Debug|Any CPU.Build.0 = Debug|Any CPU
		{82397255-3B78-0EAD-6679-2BDCDC0E4DAA}.Debug|x64.ActiveCfg = Debug|Any CPU
		{82397255-3B78-0EAD-6679-2BDCDC0E4DAA}.Debug|x64.Build.0 = Debug|Any CPU
		{82397255-3B78-0EAD-6679-2BDCDC0E4DAA}.Debug|x86.ActiveCfg = Debug|Any CPU
		{82397255-3B78-0EAD-6679-2BDCDC0E4DAA}.Debug|x86.Build.0 = Debug|Any CPU
		{82397255-3B78-0EAD-6679-2BDCDC0E4DAA}.Release|Any CPU.ActiveCfg = Release|Any CPU
		{82397255-3B78-0EAD-6679-2BDCDC0E4DAA}.Release|Any CPU.Build.0 = Release|Any CPU
		{82397255-3B78-0EAD-6679-2BDCDC0E4DAA}.Release|x64.ActiveCfg = Release|Any CPU
		{82397255-3B78-0EAD-6679-2BDCDC0E4DAA}.Release|x64.Build.0 = Release|Any CPU
		{82397255-3B78-0EAD-6679-2BDCDC0E4DAA}.Release|x86.ActiveCfg = Release|Any CPU
		{82397255-3B78-0EAD-6679-2BDCDC0E4DAA}.Release|x86.Build.0 = Release|Any CPU
		{710D56CB-17CF-DB36-02AE-AA2D9B43C086}.Debug|Any CPU.ActiveCfg = Debug|Any CPU
		{710D56CB-17CF-DB36-02AE-AA2D9B43C086}.Debug|Any CPU.Build.0 = Debug|Any CPU
		{710D56CB-17CF-DB36-02AE-AA2D9B43C086}.Debug|x64.ActiveCfg = Debug|Any CPU
		{710D56CB-17CF-DB36-02AE-AA2D9B43C086}.Debug|x64.Build.0 = Debug|Any CPU
		{710D56CB-17CF-DB36-02AE-AA2D9B43C086}.Debug|x86.ActiveCfg = Debug|Any CPU
		{710D56CB-17CF-DB36-02AE-AA2D9B43C086}.Debug|x86.Build.0 = Debug|Any CPU
		{710D56CB-17CF-DB36-02AE-AA2D9B43C086}.Release|Any CPU.ActiveCfg = Release|Any CPU
		{710D56CB-17CF-DB36-02AE-AA2D9B43C086}.Release|Any CPU.Build.0 = Release|Any CPU
		{710D56CB-17CF-DB36-02AE-AA2D9B43C086}.Release|x64.ActiveCfg = Release|Any CPU
		{710D56CB-17CF-DB36-02AE-AA2D9B43C086}.Release|x64.Build.0 = Release|Any CPU
		{710D56CB-17CF-DB36-02AE-AA2D9B43C086}.Release|x86.ActiveCfg = Release|Any CPU
		{710D56CB-17CF-DB36-02AE-AA2D9B43C086}.Release|x86.Build.0 = Release|Any CPU
		{25B07085-E5DA-98A5-BBD2-5D715DBC87B9}.Debug|Any CPU.ActiveCfg = Debug|Any CPU
		{25B07085-E5DA-98A5-BBD2-5D715DBC87B9}.Debug|Any CPU.Build.0 = Debug|Any CPU
		{25B07085-E5DA-98A5-BBD2-5D715DBC87B9}.Debug|x64.ActiveCfg = Debug|Any CPU
		{25B07085-E5DA-98A5-BBD2-5D715DBC87B9}.Debug|x64.Build.0 = Debug|Any CPU
		{25B07085-E5DA-98A5-BBD2-5D715DBC87B9}.Debug|x86.ActiveCfg = Debug|Any CPU
		{25B07085-E5DA-98A5-BBD2-5D715DBC87B9}.Debug|x86.Build.0 = Debug|Any CPU
		{25B07085-E5DA-98A5-BBD2-5D715DBC87B9}.Release|Any CPU.ActiveCfg = Release|Any CPU
		{25B07085-E5DA-98A5-BBD2-5D715DBC87B9}.Release|Any CPU.Build.0 = Release|Any CPU
		{25B07085-E5DA-98A5-BBD2-5D715DBC87B9}.Release|x64.ActiveCfg = Release|Any CPU
		{25B07085-E5DA-98A5-BBD2-5D715DBC87B9}.Release|x64.Build.0 = Release|Any CPU
		{25B07085-E5DA-98A5-BBD2-5D715DBC87B9}.Release|x86.ActiveCfg = Release|Any CPU
		{25B07085-E5DA-98A5-BBD2-5D715DBC87B9}.Release|x86.Build.0 = Release|Any CPU
		{AD6B4668-FDD9-2E43-5405-593C6EAE2356}.Debug|Any CPU.ActiveCfg = Debug|Any CPU
		{AD6B4668-FDD9-2E43-5405-593C6EAE2356}.Debug|Any CPU.Build.0 = Debug|Any CPU
		{AD6B4668-FDD9-2E43-5405-593C6EAE2356}.Debug|x64.ActiveCfg = Debug|Any CPU
		{AD6B4668-FDD9-2E43-5405-593C6EAE2356}.Debug|x64.Build.0 = Debug|Any CPU
		{AD6B4668-FDD9-2E43-5405-593C6EAE2356}.Debug|x86.ActiveCfg = Debug|Any CPU
		{AD6B4668-FDD9-2E43-5405-593C6EAE2356}.Debug|x86.Build.0 = Debug|Any CPU
		{AD6B4668-FDD9-2E43-5405-593C6EAE2356}.Release|Any CPU.ActiveCfg = Release|Any CPU
		{AD6B4668-FDD9-2E43-5405-593C6EAE2356}.Release|Any CPU.Build.0 = Release|Any CPU
		{AD6B4668-FDD9-2E43-5405-593C6EAE2356}.Release|x64.ActiveCfg = Release|Any CPU
		{AD6B4668-FDD9-2E43-5405-593C6EAE2356}.Release|x64.Build.0 = Release|Any CPU
		{AD6B4668-FDD9-2E43-5405-593C6EAE2356}.Release|x86.ActiveCfg = Release|Any CPU
		{AD6B4668-FDD9-2E43-5405-593C6EAE2356}.Release|x86.Build.0 = Release|Any CPU
		{AADF1BF4-CC1A-FB23-4B49-9E030C5831D4}.Debug|Any CPU.ActiveCfg = Debug|Any CPU
		{AADF1BF4-CC1A-FB23-4B49-9E030C5831D4}.Debug|Any CPU.Build.0 = Debug|Any CPU
		{AADF1BF4-CC1A-FB23-4B49-9E030C5831D4}.Debug|x64.ActiveCfg = Debug|Any CPU
		{AADF1BF4-CC1A-FB23-4B49-9E030C5831D4}.Debug|x64.Build.0 = Debug|Any CPU
		{AADF1BF4-CC1A-FB23-4B49-9E030C5831D4}.Debug|x86.ActiveCfg = Debug|Any CPU
		{AADF1BF4-CC1A-FB23-4B49-9E030C5831D4}.Debug|x86.Build.0 = Debug|Any CPU
		{AADF1BF4-CC1A-FB23-4B49-9E030C5831D4}.Release|Any CPU.ActiveCfg = Release|Any CPU
		{AADF1BF4-CC1A-FB23-4B49-9E030C5831D4}.Release|Any CPU.Build.0 = Release|Any CPU
		{AADF1BF4-CC1A-FB23-4B49-9E030C5831D4}.Release|x64.ActiveCfg = Release|Any CPU
		{AADF1BF4-CC1A-FB23-4B49-9E030C5831D4}.Release|x64.Build.0 = Release|Any CPU
		{AADF1BF4-CC1A-FB23-4B49-9E030C5831D4}.Release|x86.ActiveCfg = Release|Any CPU
		{AADF1BF4-CC1A-FB23-4B49-9E030C5831D4}.Release|x86.Build.0 = Release|Any CPU
		{2456C26F-C6BA-4E04-B171-AFC6DB723B7A}.Debug|Any CPU.ActiveCfg = Debug|Any CPU
		{2456C26F-C6BA-4E04-B171-AFC6DB723B7A}.Debug|Any CPU.Build.0 = Debug|Any CPU
		{2456C26F-C6BA-4E04-B171-AFC6DB723B7A}.Debug|x64.ActiveCfg = Debug|Any CPU
		{2456C26F-C6BA-4E04-B171-AFC6DB723B7A}.Debug|x64.Build.0 = Debug|Any CPU
		{2456C26F-C6BA-4E04-B171-AFC6DB723B7A}.Debug|x86.ActiveCfg = Debug|Any CPU
		{2456C26F-C6BA-4E04-B171-AFC6DB723B7A}.Debug|x86.Build.0 = Debug|Any CPU
		{2456C26F-C6BA-4E04-B171-AFC6DB723B7A}.Release|Any CPU.ActiveCfg = Release|Any CPU
		{2456C26F-C6BA-4E04-B171-AFC6DB723B7A}.Release|Any CPU.Build.0 = Release|Any CPU
		{2456C26F-C6BA-4E04-B171-AFC6DB723B7A}.Release|x64.ActiveCfg = Release|Any CPU
		{2456C26F-C6BA-4E04-B171-AFC6DB723B7A}.Release|x64.Build.0 = Release|Any CPU
		{2456C26F-C6BA-4E04-B171-AFC6DB723B7A}.Release|x86.ActiveCfg = Release|Any CPU
		{2456C26F-C6BA-4E04-B171-AFC6DB723B7A}.Release|x86.Build.0 = Release|Any CPU
		{958DA480-8DDE-4E0B-AAE0-69386F86928E}.Debug|Any CPU.ActiveCfg = Debug|Any CPU
		{958DA480-8DDE-4E0B-AAE0-69386F86928E}.Debug|Any CPU.Build.0 = Debug|Any CPU
		{958DA480-8DDE-4E0B-AAE0-69386F86928E}.Debug|x64.ActiveCfg = Debug|Any CPU
		{958DA480-8DDE-4E0B-AAE0-69386F86928E}.Debug|x64.Build.0 = Debug|Any CPU
		{958DA480-8DDE-4E0B-AAE0-69386F86928E}.Debug|x86.ActiveCfg = Debug|Any CPU
		{958DA480-8DDE-4E0B-AAE0-69386F86928E}.Debug|x86.Build.0 = Debug|Any CPU
		{958DA480-8DDE-4E0B-AAE0-69386F86928E}.Release|Any CPU.ActiveCfg = Release|Any CPU
		{958DA480-8DDE-4E0B-AAE0-69386F86928E}.Release|Any CPU.Build.0 = Release|Any CPU
		{958DA480-8DDE-4E0B-AAE0-69386F86928E}.Release|x64.ActiveCfg = Release|Any CPU
		{958DA480-8DDE-4E0B-AAE0-69386F86928E}.Release|x64.Build.0 = Release|Any CPU
		{958DA480-8DDE-4E0B-AAE0-69386F86928E}.Release|x86.ActiveCfg = Release|Any CPU
		{958DA480-8DDE-4E0B-AAE0-69386F86928E}.Release|x86.Build.0 = Release|Any CPU
		{C8C22E29-2049-46B5-929F-17C3BD47C5CF}.Debug|Any CPU.ActiveCfg = Debug|Any CPU
		{C8C22E29-2049-46B5-929F-17C3BD47C5CF}.Debug|Any CPU.Build.0 = Debug|Any CPU
		{C8C22E29-2049-46B5-929F-17C3BD47C5CF}.Debug|x64.ActiveCfg = Debug|Any CPU
		{C8C22E29-2049-46B5-929F-17C3BD47C5CF}.Debug|x64.Build.0 = Debug|Any CPU
		{C8C22E29-2049-46B5-929F-17C3BD47C5CF}.Debug|x86.ActiveCfg = Debug|Any CPU
		{C8C22E29-2049-46B5-929F-17C3BD47C5CF}.Debug|x86.Build.0 = Debug|Any CPU
		{C8C22E29-2049-46B5-929F-17C3BD47C5CF}.Release|Any CPU.ActiveCfg = Release|Any CPU
		{C8C22E29-2049-46B5-929F-17C3BD47C5CF}.Release|Any CPU.Build.0 = Release|Any CPU
		{C8C22E29-2049-46B5-929F-17C3BD47C5CF}.Release|x64.ActiveCfg = Release|Any CPU
		{C8C22E29-2049-46B5-929F-17C3BD47C5CF}.Release|x64.Build.0 = Release|Any CPU
		{C8C22E29-2049-46B5-929F-17C3BD47C5CF}.Release|x86.ActiveCfg = Release|Any CPU
		{C8C22E29-2049-46B5-929F-17C3BD47C5CF}.Release|x86.Build.0 = Release|Any CPU
		{502F9ADE-1E34-4842-A2A1-1A26C7234411}.Debug|Any CPU.ActiveCfg = Debug|Any CPU
		{502F9ADE-1E34-4842-A2A1-1A26C7234411}.Debug|Any CPU.Build.0 = Debug|Any CPU
		{502F9ADE-1E34-4842-A2A1-1A26C7234411}.Debug|x64.ActiveCfg = Debug|Any CPU
		{502F9ADE-1E34-4842-A2A1-1A26C7234411}.Debug|x64.Build.0 = Debug|Any CPU
		{502F9ADE-1E34-4842-A2A1-1A26C7234411}.Debug|x86.ActiveCfg = Debug|Any CPU
		{502F9ADE-1E34-4842-A2A1-1A26C7234411}.Debug|x86.Build.0 = Debug|Any CPU
		{502F9ADE-1E34-4842-A2A1-1A26C7234411}.Release|Any CPU.ActiveCfg = Release|Any CPU
		{502F9ADE-1E34-4842-A2A1-1A26C7234411}.Release|Any CPU.Build.0 = Release|Any CPU
		{502F9ADE-1E34-4842-A2A1-1A26C7234411}.Release|x64.ActiveCfg = Release|Any CPU
		{502F9ADE-1E34-4842-A2A1-1A26C7234411}.Release|x64.Build.0 = Release|Any CPU
		{502F9ADE-1E34-4842-A2A1-1A26C7234411}.Release|x86.ActiveCfg = Release|Any CPU
		{502F9ADE-1E34-4842-A2A1-1A26C7234411}.Release|x86.Build.0 = Release|Any CPU
		{6958E19C-0CE6-4CD4-A2EF-55F05C76EC11}.Debug|Any CPU.ActiveCfg = Debug|Any CPU
		{6958E19C-0CE6-4CD4-A2EF-55F05C76EC11}.Debug|Any CPU.Build.0 = Debug|Any CPU
		{6958E19C-0CE6-4CD4-A2EF-55F05C76EC11}.Debug|x64.ActiveCfg = Debug|Any CPU
		{6958E19C-0CE6-4CD4-A2EF-55F05C76EC11}.Debug|x64.Build.0 = Debug|Any CPU
		{6958E19C-0CE6-4CD4-A2EF-55F05C76EC11}.Debug|x86.ActiveCfg = Debug|Any CPU
		{6958E19C-0CE6-4CD4-A2EF-55F05C76EC11}.Debug|x86.Build.0 = Debug|Any CPU
		{6958E19C-0CE6-4CD4-A2EF-55F05C76EC11}.Release|Any CPU.ActiveCfg = Release|Any CPU
		{6958E19C-0CE6-4CD4-A2EF-55F05C76EC11}.Release|Any CPU.Build.0 = Release|Any CPU
		{6958E19C-0CE6-4CD4-A2EF-55F05C76EC11}.Release|x64.ActiveCfg = Release|Any CPU
		{6958E19C-0CE6-4CD4-A2EF-55F05C76EC11}.Release|x64.Build.0 = Release|Any CPU
		{6958E19C-0CE6-4CD4-A2EF-55F05C76EC11}.Release|x86.ActiveCfg = Release|Any CPU
		{6958E19C-0CE6-4CD4-A2EF-55F05C76EC11}.Release|x86.Build.0 = Release|Any CPU
		{9FED5D7C-85B5-4A1B-9FAA-36767EE62429}.Debug|Any CPU.ActiveCfg = Debug|Any CPU
		{9FED5D7C-85B5-4A1B-9FAA-36767EE62429}.Debug|Any CPU.Build.0 = Debug|Any CPU
		{9FED5D7C-85B5-4A1B-9FAA-36767EE62429}.Debug|x64.ActiveCfg = Debug|Any CPU
		{9FED5D7C-85B5-4A1B-9FAA-36767EE62429}.Debug|x64.Build.0 = Debug|Any CPU
		{9FED5D7C-85B5-4A1B-9FAA-36767EE62429}.Debug|x86.ActiveCfg = Debug|Any CPU
		{9FED5D7C-85B5-4A1B-9FAA-36767EE62429}.Debug|x86.Build.0 = Debug|Any CPU
		{9FED5D7C-85B5-4A1B-9FAA-36767EE62429}.Release|Any CPU.ActiveCfg = Release|Any CPU
		{9FED5D7C-85B5-4A1B-9FAA-36767EE62429}.Release|Any CPU.Build.0 = Release|Any CPU
		{9FED5D7C-85B5-4A1B-9FAA-36767EE62429}.Release|x64.ActiveCfg = Release|Any CPU
		{9FED5D7C-85B5-4A1B-9FAA-36767EE62429}.Release|x64.Build.0 = Release|Any CPU
		{9FED5D7C-85B5-4A1B-9FAA-36767EE62429}.Release|x86.ActiveCfg = Release|Any CPU
		{9FED5D7C-85B5-4A1B-9FAA-36767EE62429}.Release|x86.Build.0 = Release|Any CPU
		{2E3156EE-7DD6-4484-A883-FD9590185F80}.Debug|Any CPU.ActiveCfg = Debug|Any CPU
		{2E3156EE-7DD6-4484-A883-FD9590185F80}.Debug|Any CPU.Build.0 = Debug|Any CPU
		{2E3156EE-7DD6-4484-A883-FD9590185F80}.Debug|x64.ActiveCfg = Debug|Any CPU
		{2E3156EE-7DD6-4484-A883-FD9590185F80}.Debug|x64.Build.0 = Debug|Any CPU
		{2E3156EE-7DD6-4484-A883-FD9590185F80}.Debug|x86.ActiveCfg = Debug|Any CPU
		{2E3156EE-7DD6-4484-A883-FD9590185F80}.Debug|x86.Build.0 = Debug|Any CPU
		{2E3156EE-7DD6-4484-A883-FD9590185F80}.Release|Any CPU.ActiveCfg = Release|Any CPU
		{2E3156EE-7DD6-4484-A883-FD9590185F80}.Release|Any CPU.Build.0 = Release|Any CPU
		{2E3156EE-7DD6-4484-A883-FD9590185F80}.Release|x64.ActiveCfg = Release|Any CPU
		{2E3156EE-7DD6-4484-A883-FD9590185F80}.Release|x64.Build.0 = Release|Any CPU
		{2E3156EE-7DD6-4484-A883-FD9590185F80}.Release|x86.ActiveCfg = Release|Any CPU
		{2E3156EE-7DD6-4484-A883-FD9590185F80}.Release|x86.Build.0 = Release|Any CPU
		{9F7C8916-CBE1-4E43-AF26-DEBDD96F3D68}.Debug|Any CPU.ActiveCfg = Debug|Any CPU
		{9F7C8916-CBE1-4E43-AF26-DEBDD96F3D68}.Debug|Any CPU.Build.0 = Debug|Any CPU
		{9F7C8916-CBE1-4E43-AF26-DEBDD96F3D68}.Debug|x64.ActiveCfg = Debug|Any CPU
		{9F7C8916-CBE1-4E43-AF26-DEBDD96F3D68}.Debug|x64.Build.0 = Debug|Any CPU
		{9F7C8916-CBE1-4E43-AF26-DEBDD96F3D68}.Debug|x86.ActiveCfg = Debug|Any CPU
		{9F7C8916-CBE1-4E43-AF26-DEBDD96F3D68}.Debug|x86.Build.0 = Debug|Any CPU
		{9F7C8916-CBE1-4E43-AF26-DEBDD96F3D68}.Release|Any CPU.ActiveCfg = Release|Any CPU
		{9F7C8916-CBE1-4E43-AF26-DEBDD96F3D68}.Release|Any CPU.Build.0 = Release|Any CPU
		{9F7C8916-CBE1-4E43-AF26-DEBDD96F3D68}.Release|x64.ActiveCfg = Release|Any CPU
		{9F7C8916-CBE1-4E43-AF26-DEBDD96F3D68}.Release|x64.Build.0 = Release|Any CPU
		{9F7C8916-CBE1-4E43-AF26-DEBDD96F3D68}.Release|x86.ActiveCfg = Release|Any CPU
		{9F7C8916-CBE1-4E43-AF26-DEBDD96F3D68}.Release|x86.Build.0 = Release|Any CPU
		{3A577CF2-B6A4-40CB-A77D-18ECC4AC9907}.Debug|Any CPU.ActiveCfg = Debug|Any CPU
		{3A577CF2-B6A4-40CB-A77D-18ECC4AC9907}.Debug|Any CPU.Build.0 = Debug|Any CPU
		{3A577CF2-B6A4-40CB-A77D-18ECC4AC9907}.Debug|x64.ActiveCfg = Debug|Any CPU
		{3A577CF2-B6A4-40CB-A77D-18ECC4AC9907}.Debug|x64.Build.0 = Debug|Any CPU
		{3A577CF2-B6A4-40CB-A77D-18ECC4AC9907}.Debug|x86.ActiveCfg = Debug|Any CPU
		{3A577CF2-B6A4-40CB-A77D-18ECC4AC9907}.Debug|x86.Build.0 = Debug|Any CPU
		{3A577CF2-B6A4-40CB-A77D-18ECC4AC9907}.Release|Any CPU.ActiveCfg = Release|Any CPU
		{3A577CF2-B6A4-40CB-A77D-18ECC4AC9907}.Release|Any CPU.Build.0 = Release|Any CPU
		{3A577CF2-B6A4-40CB-A77D-18ECC4AC9907}.Release|x64.ActiveCfg = Release|Any CPU
		{3A577CF2-B6A4-40CB-A77D-18ECC4AC9907}.Release|x64.Build.0 = Release|Any CPU
		{3A577CF2-B6A4-40CB-A77D-18ECC4AC9907}.Release|x86.ActiveCfg = Release|Any CPU
		{3A577CF2-B6A4-40CB-A77D-18ECC4AC9907}.Release|x86.Build.0 = Release|Any CPU
		{A1A52741-3BC2-4966-8313-498B85A78E76}.Debug|Any CPU.ActiveCfg = Debug|Any CPU
		{A1A52741-3BC2-4966-8313-498B85A78E76}.Debug|Any CPU.Build.0 = Debug|Any CPU
		{A1A52741-3BC2-4966-8313-498B85A78E76}.Debug|x64.ActiveCfg = Debug|Any CPU
		{A1A52741-3BC2-4966-8313-498B85A78E76}.Debug|x64.Build.0 = Debug|Any CPU
		{A1A52741-3BC2-4966-8313-498B85A78E76}.Debug|x86.ActiveCfg = Debug|Any CPU
		{A1A52741-3BC2-4966-8313-498B85A78E76}.Debug|x86.Build.0 = Debug|Any CPU
		{A1A52741-3BC2-4966-8313-498B85A78E76}.Release|Any CPU.ActiveCfg = Release|Any CPU
		{A1A52741-3BC2-4966-8313-498B85A78E76}.Release|Any CPU.Build.0 = Release|Any CPU
		{A1A52741-3BC2-4966-8313-498B85A78E76}.Release|x64.ActiveCfg = Release|Any CPU
		{A1A52741-3BC2-4966-8313-498B85A78E76}.Release|x64.Build.0 = Release|Any CPU
		{A1A52741-3BC2-4966-8313-498B85A78E76}.Release|x86.ActiveCfg = Release|Any CPU
		{A1A52741-3BC2-4966-8313-498B85A78E76}.Release|x86.Build.0 = Release|Any CPU
		{B3125B32-EA44-403D-B699-6B28AB77AA70}.Debug|Any CPU.ActiveCfg = Debug|Any CPU
		{B3125B32-EA44-403D-B699-6B28AB77AA70}.Debug|Any CPU.Build.0 = Debug|Any CPU
		{B3125B32-EA44-403D-B699-6B28AB77AA70}.Debug|x64.ActiveCfg = Debug|Any CPU
		{B3125B32-EA44-403D-B699-6B28AB77AA70}.Debug|x64.Build.0 = Debug|Any CPU
		{B3125B32-EA44-403D-B699-6B28AB77AA70}.Debug|x86.ActiveCfg = Debug|Any CPU
		{B3125B32-EA44-403D-B699-6B28AB77AA70}.Debug|x86.Build.0 = Debug|Any CPU
		{B3125B32-EA44-403D-B699-6B28AB77AA70}.Release|Any CPU.ActiveCfg = Release|Any CPU
		{B3125B32-EA44-403D-B699-6B28AB77AA70}.Release|Any CPU.Build.0 = Release|Any CPU
		{B3125B32-EA44-403D-B699-6B28AB77AA70}.Release|x64.ActiveCfg = Release|Any CPU
		{B3125B32-EA44-403D-B699-6B28AB77AA70}.Release|x64.Build.0 = Release|Any CPU
		{B3125B32-EA44-403D-B699-6B28AB77AA70}.Release|x86.ActiveCfg = Release|Any CPU
		{B3125B32-EA44-403D-B699-6B28AB77AA70}.Release|x86.Build.0 = Release|Any CPU
		{54DD7106-C0C3-43E8-9CD4-93BEC41CE8DE}.Debug|Any CPU.ActiveCfg = Debug|Any CPU
		{54DD7106-C0C3-43E8-9CD4-93BEC41CE8DE}.Debug|Any CPU.Build.0 = Debug|Any CPU
		{54DD7106-C0C3-43E8-9CD4-93BEC41CE8DE}.Debug|x64.ActiveCfg = Debug|Any CPU
		{54DD7106-C0C3-43E8-9CD4-93BEC41CE8DE}.Debug|x64.Build.0 = Debug|Any CPU
		{54DD7106-C0C3-43E8-9CD4-93BEC41CE8DE}.Debug|x86.ActiveCfg = Debug|Any CPU
		{54DD7106-C0C3-43E8-9CD4-93BEC41CE8DE}.Debug|x86.Build.0 = Debug|Any CPU
		{54DD7106-C0C3-43E8-9CD4-93BEC41CE8DE}.Release|Any CPU.ActiveCfg = Release|Any CPU
		{54DD7106-C0C3-43E8-9CD4-93BEC41CE8DE}.Release|Any CPU.Build.0 = Release|Any CPU
		{54DD7106-C0C3-43E8-9CD4-93BEC41CE8DE}.Release|x64.ActiveCfg = Release|Any CPU
		{54DD7106-C0C3-43E8-9CD4-93BEC41CE8DE}.Release|x64.Build.0 = Release|Any CPU
		{54DD7106-C0C3-43E8-9CD4-93BEC41CE8DE}.Release|x86.ActiveCfg = Release|Any CPU
		{54DD7106-C0C3-43E8-9CD4-93BEC41CE8DE}.Release|x86.Build.0 = Release|Any CPU
		{4C3E5198-C623-5E34-BF45-08B83384C88E}.Debug|Any CPU.ActiveCfg = Debug|Any CPU
		{4C3E5198-C623-5E34-BF45-08B83384C88E}.Debug|Any CPU.Build.0 = Debug|Any CPU
		{4C3E5198-C623-5E34-BF45-08B83384C88E}.Debug|x64.ActiveCfg = Debug|Any CPU
		{4C3E5198-C623-5E34-BF45-08B83384C88E}.Debug|x64.Build.0 = Debug|Any CPU
		{4C3E5198-C623-5E34-BF45-08B83384C88E}.Debug|x86.ActiveCfg = Debug|Any CPU
		{4C3E5198-C623-5E34-BF45-08B83384C88E}.Debug|x86.Build.0 = Debug|Any CPU
		{4C3E5198-C623-5E34-BF45-08B83384C88E}.Release|Any CPU.ActiveCfg = Release|Any CPU
		{4C3E5198-C623-5E34-BF45-08B83384C88E}.Release|Any CPU.Build.0 = Release|Any CPU
		{4C3E5198-C623-5E34-BF45-08B83384C88E}.Release|x64.ActiveCfg = Release|Any CPU
		{4C3E5198-C623-5E34-BF45-08B83384C88E}.Release|x64.Build.0 = Release|Any CPU
		{4C3E5198-C623-5E34-BF45-08B83384C88E}.Release|x86.ActiveCfg = Release|Any CPU
		{4C3E5198-C623-5E34-BF45-08B83384C88E}.Release|x86.Build.0 = Release|Any CPU
		{38A7E221-B899-C46E-BF30-8AB22787DBD7}.Debug|Any CPU.ActiveCfg = Debug|Any CPU
		{38A7E221-B899-C46E-BF30-8AB22787DBD7}.Debug|Any CPU.Build.0 = Debug|Any CPU
		{38A7E221-B899-C46E-BF30-8AB22787DBD7}.Debug|x64.ActiveCfg = Debug|Any CPU
		{38A7E221-B899-C46E-BF30-8AB22787DBD7}.Debug|x64.Build.0 = Debug|Any CPU
		{38A7E221-B899-C46E-BF30-8AB22787DBD7}.Debug|x86.ActiveCfg = Debug|Any CPU
		{38A7E221-B899-C46E-BF30-8AB22787DBD7}.Debug|x86.Build.0 = Debug|Any CPU
		{38A7E221-B899-C46E-BF30-8AB22787DBD7}.Release|Any CPU.ActiveCfg = Release|Any CPU
		{38A7E221-B899-C46E-BF30-8AB22787DBD7}.Release|Any CPU.Build.0 = Release|Any CPU
		{38A7E221-B899-C46E-BF30-8AB22787DBD7}.Release|x64.ActiveCfg = Release|Any CPU
		{38A7E221-B899-C46E-BF30-8AB22787DBD7}.Release|x64.Build.0 = Release|Any CPU
		{38A7E221-B899-C46E-BF30-8AB22787DBD7}.Release|x86.ActiveCfg = Release|Any CPU
		{38A7E221-B899-C46E-BF30-8AB22787DBD7}.Release|x86.Build.0 = Release|Any CPU
		{26D438D2-5558-1410-F512-852D91D3436C}.Debug|Any CPU.ActiveCfg = Debug|Any CPU
		{26D438D2-5558-1410-F512-852D91D3436C}.Debug|Any CPU.Build.0 = Debug|Any CPU
		{26D438D2-5558-1410-F512-852D91D3436C}.Debug|x64.ActiveCfg = Debug|Any CPU
		{26D438D2-5558-1410-F512-852D91D3436C}.Debug|x64.Build.0 = Debug|Any CPU
		{26D438D2-5558-1410-F512-852D91D3436C}.Debug|x86.ActiveCfg = Debug|Any CPU
		{26D438D2-5558-1410-F512-852D91D3436C}.Debug|x86.Build.0 = Debug|Any CPU
		{26D438D2-5558-1410-F512-852D91D3436C}.Release|Any CPU.ActiveCfg = Release|Any CPU
		{26D438D2-5558-1410-F512-852D91D3436C}.Release|Any CPU.Build.0 = Release|Any CPU
		{26D438D2-5558-1410-F512-852D91D3436C}.Release|x64.ActiveCfg = Release|Any CPU
		{26D438D2-5558-1410-F512-852D91D3436C}.Release|x64.Build.0 = Release|Any CPU
		{26D438D2-5558-1410-F512-852D91D3436C}.Release|x86.ActiveCfg = Release|Any CPU
		{26D438D2-5558-1410-F512-852D91D3436C}.Release|x86.Build.0 = Release|Any CPU
		{E6556E0A-B6F6-84E7-B152-EBA9CB3D2863}.Debug|Any CPU.ActiveCfg = Debug|Any CPU
		{E6556E0A-B6F6-84E7-B152-EBA9CB3D2863}.Debug|Any CPU.Build.0 = Debug|Any CPU
		{E6556E0A-B6F6-84E7-B152-EBA9CB3D2863}.Debug|x64.ActiveCfg = Debug|Any CPU
		{E6556E0A-B6F6-84E7-B152-EBA9CB3D2863}.Debug|x64.Build.0 = Debug|Any CPU
		{E6556E0A-B6F6-84E7-B152-EBA9CB3D2863}.Debug|x86.ActiveCfg = Debug|Any CPU
		{E6556E0A-B6F6-84E7-B152-EBA9CB3D2863}.Debug|x86.Build.0 = Debug|Any CPU
		{E6556E0A-B6F6-84E7-B152-EBA9CB3D2863}.Release|Any CPU.ActiveCfg = Release|Any CPU
		{E6556E0A-B6F6-84E7-B152-EBA9CB3D2863}.Release|Any CPU.Build.0 = Release|Any CPU
		{E6556E0A-B6F6-84E7-B152-EBA9CB3D2863}.Release|x64.ActiveCfg = Release|Any CPU
		{E6556E0A-B6F6-84E7-B152-EBA9CB3D2863}.Release|x64.Build.0 = Release|Any CPU
		{E6556E0A-B6F6-84E7-B152-EBA9CB3D2863}.Release|x86.ActiveCfg = Release|Any CPU
		{E6556E0A-B6F6-84E7-B152-EBA9CB3D2863}.Release|x86.Build.0 = Release|Any CPU
		{D990B2BD-D367-463F-3EE9-B2BEE800EF67}.Debug|Any CPU.ActiveCfg = Debug|Any CPU
		{D990B2BD-D367-463F-3EE9-B2BEE800EF67}.Debug|Any CPU.Build.0 = Debug|Any CPU
		{D990B2BD-D367-463F-3EE9-B2BEE800EF67}.Debug|x64.ActiveCfg = Debug|Any CPU
		{D990B2BD-D367-463F-3EE9-B2BEE800EF67}.Debug|x64.Build.0 = Debug|Any CPU
		{D990B2BD-D367-463F-3EE9-B2BEE800EF67}.Debug|x86.ActiveCfg = Debug|Any CPU
		{D990B2BD-D367-463F-3EE9-B2BEE800EF67}.Debug|x86.Build.0 = Debug|Any CPU
		{D990B2BD-D367-463F-3EE9-B2BEE800EF67}.Release|Any CPU.ActiveCfg = Release|Any CPU
		{D990B2BD-D367-463F-3EE9-B2BEE800EF67}.Release|Any CPU.Build.0 = Release|Any CPU
		{D990B2BD-D367-463F-3EE9-B2BEE800EF67}.Release|x64.ActiveCfg = Release|Any CPU
		{D990B2BD-D367-463F-3EE9-B2BEE800EF67}.Release|x64.Build.0 = Release|Any CPU
		{D990B2BD-D367-463F-3EE9-B2BEE800EF67}.Release|x86.ActiveCfg = Release|Any CPU
		{D990B2BD-D367-463F-3EE9-B2BEE800EF67}.Release|x86.Build.0 = Release|Any CPU
		{6D4BE7F5-73BA-90ED-7432-FE0BC39261D8}.Debug|Any CPU.ActiveCfg = Debug|Any CPU
		{6D4BE7F5-73BA-90ED-7432-FE0BC39261D8}.Debug|Any CPU.Build.0 = Debug|Any CPU
		{6D4BE7F5-73BA-90ED-7432-FE0BC39261D8}.Debug|x64.ActiveCfg = Debug|Any CPU
		{6D4BE7F5-73BA-90ED-7432-FE0BC39261D8}.Debug|x64.Build.0 = Debug|Any CPU
		{6D4BE7F5-73BA-90ED-7432-FE0BC39261D8}.Debug|x86.ActiveCfg = Debug|Any CPU
		{6D4BE7F5-73BA-90ED-7432-FE0BC39261D8}.Debug|x86.Build.0 = Debug|Any CPU
		{6D4BE7F5-73BA-90ED-7432-FE0BC39261D8}.Release|Any CPU.ActiveCfg = Release|Any CPU
		{6D4BE7F5-73BA-90ED-7432-FE0BC39261D8}.Release|Any CPU.Build.0 = Release|Any CPU
		{6D4BE7F5-73BA-90ED-7432-FE0BC39261D8}.Release|x64.ActiveCfg = Release|Any CPU
		{6D4BE7F5-73BA-90ED-7432-FE0BC39261D8}.Release|x64.Build.0 = Release|Any CPU
		{6D4BE7F5-73BA-90ED-7432-FE0BC39261D8}.Release|x86.ActiveCfg = Release|Any CPU
		{6D4BE7F5-73BA-90ED-7432-FE0BC39261D8}.Release|x86.Build.0 = Release|Any CPU
		{EFA327D9-A571-3ACC-FA69-E03679CFFD39}.Debug|Any CPU.ActiveCfg = Debug|Any CPU
		{EFA327D9-A571-3ACC-FA69-E03679CFFD39}.Debug|Any CPU.Build.0 = Debug|Any CPU
		{EFA327D9-A571-3ACC-FA69-E03679CFFD39}.Debug|x64.ActiveCfg = Debug|Any CPU
		{EFA327D9-A571-3ACC-FA69-E03679CFFD39}.Debug|x64.Build.0 = Debug|Any CPU
		{EFA327D9-A571-3ACC-FA69-E03679CFFD39}.Debug|x86.ActiveCfg = Debug|Any CPU
		{EFA327D9-A571-3ACC-FA69-E03679CFFD39}.Debug|x86.Build.0 = Debug|Any CPU
		{EFA327D9-A571-3ACC-FA69-E03679CFFD39}.Release|Any CPU.ActiveCfg = Release|Any CPU
		{EFA327D9-A571-3ACC-FA69-E03679CFFD39}.Release|Any CPU.Build.0 = Release|Any CPU
		{EFA327D9-A571-3ACC-FA69-E03679CFFD39}.Release|x64.ActiveCfg = Release|Any CPU
		{EFA327D9-A571-3ACC-FA69-E03679CFFD39}.Release|x64.Build.0 = Release|Any CPU
		{EFA327D9-A571-3ACC-FA69-E03679CFFD39}.Release|x86.ActiveCfg = Release|Any CPU
		{EFA327D9-A571-3ACC-FA69-E03679CFFD39}.Release|x86.Build.0 = Release|Any CPU
	EndGlobalSection
	GlobalSection(SolutionProperties) = preSolution
		HideSolutionNode = FALSE
	EndGlobalSection
	GlobalSection(NestedProjects) = preSolution
		{C270D75B-2F51-0630-FB79-541B3D283D05} = {EBEFDB8B-24C9-1DAF-DE22-BED4049D1AC8}
		{6ED567AA-F467-B6CB-2AC9-06072D6C2DF3} = {C270D75B-2F51-0630-FB79-541B3D283D05}
		{8CB69383-2419-4A4F-AB4F-404ED2E7C90E} = {6ED567AA-F467-B6CB-2AC9-06072D6C2DF3}
		{02EA681E-C7D8-13C7-8484-4AC65E1B71E8} = {C270D75B-2F51-0630-FB79-541B3D283D05}
		{68DFB6CE-E19D-C591-FF73-C32E719209BE} = {02EA681E-C7D8-13C7-8484-4AC65E1B71E8}
		{860162CC-E18A-424B-AB40-C160615B901B} = {C270D75B-2F51-0630-FB79-541B3D283D05}
		{C2CAA66C-FA54-524C-F40B-845101FEBBD9} = {860162CC-E18A-424B-AB40-C160615B901B}
		{874596B1-A07D-4D56-838D-030227999398} = {C270D75B-2F51-0630-FB79-541B3D283D05}
		{568F215C-CA55-2FB2-2FE9-E2B479D2B37D} = {874596B1-A07D-4D56-838D-030227999398}
		{361877B4-2B45-42E5-B5B1-1F9A30FB9819} = {C270D75B-2F51-0630-FB79-541B3D283D05}
		{C8FCCF2A-3CCF-3398-BF99-6D86835607C7} = {361877B4-2B45-42E5-B5B1-1F9A30FB9819}
		{DD10CF70-CD43-4F1F-B957-E3F72FD6E832} = {C270D75B-2F51-0630-FB79-541B3D283D05}
		{FB16243B-F456-B1D7-93BC-752803E3BBA7} = {DD10CF70-CD43-4F1F-B957-E3F72FD6E832}
		{1199A54C-A48C-4D6A-8BDB-D80A93B777A7} = {C270D75B-2F51-0630-FB79-541B3D283D05}
		{CF993282-D5AC-5563-B8FA-A436174B46C0} = {1199A54C-A48C-4D6A-8BDB-D80A93B777A7}
		{98BECCA8-9C04-434C-9A13-8CBF69CB4EA1} = {C270D75B-2F51-0630-FB79-541B3D283D05}
		{82397255-3B78-0EAD-6679-2BDCDC0E4DAA} = {98BECCA8-9C04-434C-9A13-8CBF69CB4EA1}
		{DE16A76B-F3C2-4DA4-997F-40B8C9A50641} = {1020EA61-CF67-4D8E-B3E3-5C843ED1CD7B}
		{2C11CB09-DDA6-440D-9EB6-46DFCCCB6487} = {1020EA61-CF67-4D8E-B3E3-5C843ED1CD7B}
		{1020EA61-CF67-4D8E-B3E3-5C843ED1CD7B} = {EBEFDB8B-24C9-1DAF-DE22-BED4049D1AC8}
		{710D56CB-17CF-DB36-02AE-AA2D9B43C086} = {DE16A76B-F3C2-4DA4-997F-40B8C9A50641}
		{25B07085-E5DA-98A5-BBD2-5D715DBC87B9} = {2C11CB09-DDA6-440D-9EB6-46DFCCCB6487}
		{CBB39AB6-ED46-4576-A235-E6D076DF51EC} = {1020EA61-CF67-4D8E-B3E3-5C843ED1CD7B}
		{AD6B4668-FDD9-2E43-5405-593C6EAE2356} = {CBB39AB6-ED46-4576-A235-E6D076DF51EC}
		{9A8A2AAA-E465-4F83-9D96-8BC37483023D} = {1020EA61-CF67-4D8E-B3E3-5C843ED1CD7B}
		{AADF1BF4-CC1A-FB23-4B49-9E030C5831D4} = {9A8A2AAA-E465-4F83-9D96-8BC37483023D}
		{DE6F2127-F146-7738-15F4-119015D78D9B} = {EBEFDB8B-24C9-1DAF-DE22-BED4049D1AC8}
		{587CCA8D-CA86-D43C-835E-749DA0F2ACFC} = {DE6F2127-F146-7738-15F4-119015D78D9B}
		{2456C26F-C6BA-4E04-B171-AFC6DB723B7A} = {587CCA8D-CA86-D43C-835E-749DA0F2ACFC}
		{958DA480-8DDE-4E0B-AAE0-69386F86928E} = {587CCA8D-CA86-D43C-835E-749DA0F2ACFC}
		{8775F490-BC54-0CDF-3B53-6D3DB30438CD} = {DE6F2127-F146-7738-15F4-119015D78D9B}
		{C8C22E29-2049-46B5-929F-17C3BD47C5CF} = {8775F490-BC54-0CDF-3B53-6D3DB30438CD}
		{502F9ADE-1E34-4842-A2A1-1A26C7234411} = {8775F490-BC54-0CDF-3B53-6D3DB30438CD}
		{9B141CAB-9AE6-BEB3-4703-5339C14C5A62} = {DE6F2127-F146-7738-15F4-119015D78D9B}
		{6958E19C-0CE6-4CD4-A2EF-55F05C76EC11} = {9B141CAB-9AE6-BEB3-4703-5339C14C5A62}
		{9FED5D7C-85B5-4A1B-9FAA-36767EE62429} = {9B141CAB-9AE6-BEB3-4703-5339C14C5A62}
		{CD9FE788-3577-2F41-6317-F2438395519F} = {DE6F2127-F146-7738-15F4-119015D78D9B}
		{2E3156EE-7DD6-4484-A883-FD9590185F80} = {CD9FE788-3577-2F41-6317-F2438395519F}
		{9F7C8916-CBE1-4E43-AF26-DEBDD96F3D68} = {CD9FE788-3577-2F41-6317-F2438395519F}
		{51E469A0-99FB-ED11-5114-85EF9D482AC3} = {DE6F2127-F146-7738-15F4-119015D78D9B}
		{3A577CF2-B6A4-40CB-A77D-18ECC4AC9907} = {51E469A0-99FB-ED11-5114-85EF9D482AC3}
		{FA3B3687-A7A4-6605-DDCB-E657CB37281D} = {DE6F2127-F146-7738-15F4-119015D78D9B}
		{A1A52741-3BC2-4966-8313-498B85A78E76} = {FA3B3687-A7A4-6605-DDCB-E657CB37281D}
		{B3125B32-EA44-403D-B699-6B28AB77AA70} = {FA3B3687-A7A4-6605-DDCB-E657CB37281D}
		{54DD7106-C0C3-43E8-9CD4-93BEC41CE8DE} = {FA3B3687-A7A4-6605-DDCB-E657CB37281D}
		{B13AF466-1E13-43E7-B18E-F2696136FD41} = {EBEFDB8B-24C9-1DAF-DE22-BED4049D1AC8}
		{5EEF1061-7E56-4AF5-9690-FDE55D0D98E9} = {EBEFDB8B-24C9-1DAF-DE22-BED4049D1AC8}
		{4C3E5198-C623-5E34-BF45-08B83384C88E} = {B13AF466-1E13-43E7-B18E-F2696136FD41}
		{38A7E221-B899-C46E-BF30-8AB22787DBD7} = {5EEF1061-7E56-4AF5-9690-FDE55D0D98E9}
		{26D438D2-5558-1410-F512-852D91D3436C} = {51E469A0-99FB-ED11-5114-85EF9D482AC3}
		{E6556E0A-B6F6-84E7-B152-EBA9CB3D2863} = {51E469A0-99FB-ED11-5114-85EF9D482AC3}
		{D38929B2-CA62-4E53-8821-D27EA9DB31C6} = {EBEFDB8B-24C9-1DAF-DE22-BED4049D1AC8}
		{7A521408-E9D0-47EE-99B4-12778FC78579} = {D38929B2-CA62-4E53-8821-D27EA9DB31C6}
		{D990B2BD-D367-463F-3EE9-B2BEE800EF67} = {7A521408-E9D0-47EE-99B4-12778FC78579}
		{CB6BC20B-EAAF-4A7E-9D32-936D06888F90} = {D38929B2-CA62-4E53-8821-D27EA9DB31C6}
		{6DF4344A-2361-43DE-9B51-68224F37519E} = {D38929B2-CA62-4E53-8821-D27EA9DB31C6}
		{293A36FE-71A4-4B70-A4AA-F08079D7E14A} = {D38929B2-CA62-4E53-8821-D27EA9DB31C6}
		{6D4BE7F5-73BA-90ED-7432-FE0BC39261D8} = {293A36FE-71A4-4B70-A4AA-F08079D7E14A}
		{EFA327D9-A571-3ACC-FA69-E03679CFFD39} = {FA3B3687-A7A4-6605-DDCB-E657CB37281D}
	EndGlobalSection
	GlobalSection(ExtensibilityGlobals) = postSolution
		SolutionGuid = {6CE66898-1F6F-468B-A1CA-1B575AFD769F}
	EndGlobalSection
EndGlobal
